// !$*UTF8*$!
{
	archiveVersion = 1;
	classes = {
	};
	objectVersion = 46;
	objects = {

/* Begin PBXBuildFile section */
		0818CC561B5CF86A00685A61 /* AudioPostController.swift in Sources */ = {isa = PBXBuildFile; fileRef = 0818CC551B5CF86A00685A61 /* AudioPostController.swift */; };
		0818CC581B5E28F600685A61 /* ReblogController.swift in Sources */ = {isa = PBXBuildFile; fileRef = 0818CC571B5E28F600685A61 /* ReblogController.swift */; };
		0818CC5A1B5E372700685A61 /* NS(Attributed)String+Geometrics.swift in Sources */ = {isa = PBXBuildFile; fileRef = 0818CC591B5E372700685A61 /* NS(Attributed)String+Geometrics.swift */; };
		0818CC601B5E405100685A61 /* NSScrollNullifierView.swift in Sources */ = {isa = PBXBuildFile; fileRef = 0818CC5F1B5E405100685A61 /* NSScrollNullifierView.swift */; };
		083FA24D1B5B5D6900D37DA7 /* PostView.swift in Sources */ = {isa = PBXBuildFile; fileRef = 083FA24C1B5B5D6900D37DA7 /* PostView.swift */; };
		0845087D1B5B75E5001AF7FA /* Post.swift in Sources */ = {isa = PBXBuildFile; fileRef = 0845087C1B5B75E5001AF7FA /* Post.swift */; };
		087413E01B5BCC5500EE2FDF /* ImagePostView.swift in Sources */ = {isa = PBXBuildFile; fileRef = 087413DF1B5BCC5500EE2FDF /* ImagePostView.swift */; };
		089714471B59F6C100DC25D7 /* AppDelegate.swift in Sources */ = {isa = PBXBuildFile; fileRef = 089714461B59F6C100DC25D7 /* AppDelegate.swift */; };
		089714491B59F6C100DC25D7 /* ViewController.swift in Sources */ = {isa = PBXBuildFile; fileRef = 089714481B59F6C100DC25D7 /* ViewController.swift */; };
		0897144B1B59F6C100DC25D7 /* Assets.xcassets in Resources */ = {isa = PBXBuildFile; fileRef = 0897144A1B59F6C100DC25D7 /* Assets.xcassets */; };
		0897144E1B59F6C100DC25D7 /* Main.storyboard in Resources */ = {isa = PBXBuildFile; fileRef = 0897144C1B59F6C100DC25D7 /* Main.storyboard */; };
		089714591B59F6C100DC25D7 /* TumbleweedTests.swift in Sources */ = {isa = PBXBuildFile; fileRef = 089714581B59F6C100DC25D7 /* TumbleweedTests.swift */; };
		089714641B59F6C100DC25D7 /* TumbleweedUITests.swift in Sources */ = {isa = PBXBuildFile; fileRef = 089714631B59F6C100DC25D7 /* TumbleweedUITests.swift */; };
		08BCA9C81B5A5EF100A23CA6 /* DashboardDataSource.swift in Sources */ = {isa = PBXBuildFile; fileRef = 08BCA9C71B5A5EF100A23CA6 /* DashboardDataSource.swift */; };
		08BCA9CA1B5A625400A23CA6 /* PostController.swift in Sources */ = {isa = PBXBuildFile; fileRef = 08BCA9C91B5A625400A23CA6 /* PostController.swift */; };
		08BCA9CC1B5A638200A23CA6 /* TextPostController.swift in Sources */ = {isa = PBXBuildFile; fileRef = 08BCA9CB1B5A638200A23CA6 /* TextPostController.swift */; };
		08BCA9CE1B5A638F00A23CA6 /* ImagePostController.swift in Sources */ = {isa = PBXBuildFile; fileRef = 08BCA9CD1B5A638F00A23CA6 /* ImagePostController.swift */; };
		08C31F791B5CDBE50089C13E /* TextPostView.swift in Sources */ = {isa = PBXBuildFile; fileRef = 08C31F781B5CDBE50089C13E /* TextPostView.swift */; };
		08C31F7B1B5CF7150089C13E /* AudioPostView.swift in Sources */ = {isa = PBXBuildFile; fileRef = 08C31F7A1B5CF7150089C13E /* AudioPostView.swift */; };
		08C31F7D1B5CF7540089C13E /* WebKit.framework in Frameworks */ = {isa = PBXBuildFile; fileRef = 08C31F7C1B5CF7540089C13E /* WebKit.framework */; };
		0E55DA44A639C43746C1D182 /* Pods_Tumbleweed.framework in Frameworks */ = {isa = PBXBuildFile; fileRef = E402EB5CAB5BD62EBDC0A5D8 /* Pods_Tumbleweed.framework */; settings = {ATTRIBUTES = (Weak, ); }; };
/* End PBXBuildFile section */

/* Begin PBXContainerItemProxy section */
		089714551B59F6C100DC25D7 /* PBXContainerItemProxy */ = {
			isa = PBXContainerItemProxy;
			containerPortal = 0897143B1B59F6C100DC25D7 /* Project object */;
			proxyType = 1;
			remoteGlobalIDString = 089714421B59F6C100DC25D7;
			remoteInfo = Tumbleweed;
		};
		089714601B59F6C100DC25D7 /* PBXContainerItemProxy */ = {
			isa = PBXContainerItemProxy;
			containerPortal = 0897143B1B59F6C100DC25D7 /* Project object */;
			proxyType = 1;
			remoteGlobalIDString = 089714421B59F6C100DC25D7;
			remoteInfo = Tumbleweed;
		};
/* End PBXContainerItemProxy section */

/* Begin PBXFileReference section */
		0818CC551B5CF86A00685A61 /* AudioPostController.swift */ = {isa = PBXFileReference; fileEncoding = 4; lastKnownFileType = sourcecode.swift; path = AudioPostController.swift; sourceTree = "<group>"; };
		0818CC571B5E28F600685A61 /* ReblogController.swift */ = {isa = PBXFileReference; fileEncoding = 4; lastKnownFileType = sourcecode.swift; path = ReblogController.swift; sourceTree = "<group>"; };
		0818CC591B5E372700685A61 /* NS(Attributed)String+Geometrics.swift */ = {isa = PBXFileReference; fileEncoding = 4; lastKnownFileType = sourcecode.swift; path = "NS(Attributed)String+Geometrics.swift"; sourceTree = "<group>"; };
		0818CC5F1B5E405100685A61 /* NSScrollNullifierView.swift */ = {isa = PBXFileReference; fileEncoding = 4; lastKnownFileType = sourcecode.swift; path = NSScrollNullifierView.swift; sourceTree = "<group>"; };
		083FA24C1B5B5D6900D37DA7 /* PostView.swift */ = {isa = PBXFileReference; fileEncoding = 4; lastKnownFileType = sourcecode.swift; path = PostView.swift; sourceTree = "<group>"; };
		0845087C1B5B75E5001AF7FA /* Post.swift */ = {isa = PBXFileReference; fileEncoding = 4; lastKnownFileType = sourcecode.swift; path = Post.swift; sourceTree = "<group>"; };
		087413DF1B5BCC5500EE2FDF /* ImagePostView.swift */ = {isa = PBXFileReference; fileEncoding = 4; lastKnownFileType = sourcecode.swift; path = ImagePostView.swift; sourceTree = "<group>"; };
		089714431B59F6C100DC25D7 /* Tumbleweed.app */ = {isa = PBXFileReference; explicitFileType = wrapper.application; includeInIndex = 0; path = Tumbleweed.app; sourceTree = BUILT_PRODUCTS_DIR; };
		089714461B59F6C100DC25D7 /* AppDelegate.swift */ = {isa = PBXFileReference; lastKnownFileType = sourcecode.swift; path = AppDelegate.swift; sourceTree = "<group>"; };
		089714481B59F6C100DC25D7 /* ViewController.swift */ = {isa = PBXFileReference; lastKnownFileType = sourcecode.swift; path = ViewController.swift; sourceTree = "<group>"; };
		0897144A1B59F6C100DC25D7 /* Assets.xcassets */ = {isa = PBXFileReference; lastKnownFileType = folder.assetcatalog; path = Assets.xcassets; sourceTree = "<group>"; };
		0897144D1B59F6C100DC25D7 /* Base */ = {isa = PBXFileReference; lastKnownFileType = file.storyboard; name = Base; path = Base.lproj/Main.storyboard; sourceTree = "<group>"; };
		0897144F1B59F6C100DC25D7 /* Info.plist */ = {isa = PBXFileReference; lastKnownFileType = text.plist.xml; path = Info.plist; sourceTree = "<group>"; };
		089714541B59F6C100DC25D7 /* TumbleweedTests.xctest */ = {isa = PBXFileReference; explicitFileType = wrapper.cfbundle; includeInIndex = 0; path = TumbleweedTests.xctest; sourceTree = BUILT_PRODUCTS_DIR; };
		089714581B59F6C100DC25D7 /* TumbleweedTests.swift */ = {isa = PBXFileReference; lastKnownFileType = sourcecode.swift; path = TumbleweedTests.swift; sourceTree = "<group>"; };
		0897145A1B59F6C100DC25D7 /* Info.plist */ = {isa = PBXFileReference; lastKnownFileType = text.plist.xml; path = Info.plist; sourceTree = "<group>"; };
		0897145F1B59F6C100DC25D7 /* TumbleweedUITests.xctest */ = {isa = PBXFileReference; explicitFileType = wrapper.cfbundle; includeInIndex = 0; path = TumbleweedUITests.xctest; sourceTree = BUILT_PRODUCTS_DIR; };
		089714631B59F6C100DC25D7 /* TumbleweedUITests.swift */ = {isa = PBXFileReference; lastKnownFileType = sourcecode.swift; path = TumbleweedUITests.swift; sourceTree = "<group>"; };
		089714651B59F6C100DC25D7 /* Info.plist */ = {isa = PBXFileReference; lastKnownFileType = text.plist.xml; path = Info.plist; sourceTree = "<group>"; };
		08BCA9C71B5A5EF100A23CA6 /* DashboardDataSource.swift */ = {isa = PBXFileReference; fileEncoding = 4; lastKnownFileType = sourcecode.swift; path = DashboardDataSource.swift; sourceTree = "<group>"; };
		08BCA9C91B5A625400A23CA6 /* PostController.swift */ = {isa = PBXFileReference; fileEncoding = 4; lastKnownFileType = sourcecode.swift; path = PostController.swift; sourceTree = "<group>"; };
		08BCA9CB1B5A638200A23CA6 /* TextPostController.swift */ = {isa = PBXFileReference; fileEncoding = 4; lastKnownFileType = sourcecode.swift; path = TextPostController.swift; sourceTree = "<group>"; };
		08BCA9CD1B5A638F00A23CA6 /* ImagePostController.swift */ = {isa = PBXFileReference; fileEncoding = 4; lastKnownFileType = sourcecode.swift; path = ImagePostController.swift; sourceTree = "<group>"; };
		08C31F781B5CDBE50089C13E /* TextPostView.swift */ = {isa = PBXFileReference; fileEncoding = 4; lastKnownFileType = sourcecode.swift; path = TextPostView.swift; sourceTree = "<group>"; };
		08C31F7A1B5CF7150089C13E /* AudioPostView.swift */ = {isa = PBXFileReference; fileEncoding = 4; lastKnownFileType = sourcecode.swift; path = AudioPostView.swift; sourceTree = "<group>"; };
		08C31F7C1B5CF7540089C13E /* WebKit.framework */ = {isa = PBXFileReference; lastKnownFileType = wrapper.framework; name = WebKit.framework; path = System/Library/Frameworks/WebKit.framework; sourceTree = SDKROOT; };
		1D9AD972092C1BF1E39AF48A /* Pods-Tumbleweed.release.xcconfig */ = {isa = PBXFileReference; includeInIndex = 1; lastKnownFileType = text.xcconfig; name = "Pods-Tumbleweed.release.xcconfig"; path = "Pods/Target Support Files/Pods-Tumbleweed/Pods-Tumbleweed.release.xcconfig"; sourceTree = "<group>"; };
		D14BF02B5E30D414D4647D93 /* Pods-Tumbleweed.debug.xcconfig */ = {isa = PBXFileReference; includeInIndex = 1; lastKnownFileType = text.xcconfig; name = "Pods-Tumbleweed.debug.xcconfig"; path = "Pods/Target Support Files/Pods-Tumbleweed/Pods-Tumbleweed.debug.xcconfig"; sourceTree = "<group>"; };
		E402EB5CAB5BD62EBDC0A5D8 /* Pods_Tumbleweed.framework */ = {isa = PBXFileReference; explicitFileType = wrapper.framework; includeInIndex = 0; path = Pods_Tumbleweed.framework; sourceTree = BUILT_PRODUCTS_DIR; };
/* End PBXFileReference section */

/* Begin PBXFrameworksBuildPhase section */
		089714401B59F6C100DC25D7 /* Frameworks */ = {
			isa = PBXFrameworksBuildPhase;
			buildActionMask = 2147483647;
			files = (
				08C31F7D1B5CF7540089C13E /* WebKit.framework in Frameworks */,
				0E55DA44A639C43746C1D182 /* Pods_Tumbleweed.framework in Frameworks */,
			);
			runOnlyForDeploymentPostprocessing = 0;
		};
		089714511B59F6C100DC25D7 /* Frameworks */ = {
			isa = PBXFrameworksBuildPhase;
			buildActionMask = 2147483647;
			files = (
			);
			runOnlyForDeploymentPostprocessing = 0;
		};
		0897145C1B59F6C100DC25D7 /* Frameworks */ = {
			isa = PBXFrameworksBuildPhase;
			buildActionMask = 2147483647;
			files = (
			);
			runOnlyForDeploymentPostprocessing = 0;
		};
/* End PBXFrameworksBuildPhase section */

/* Begin PBXGroup section */
		034D148030671298DE9862CD /* Pods */ = {
			isa = PBXGroup;
			children = (
				D14BF02B5E30D414D4647D93 /* Pods-Tumbleweed.debug.xcconfig */,
				1D9AD972092C1BF1E39AF48A /* Pods-Tumbleweed.release.xcconfig */,
			);
			name = Pods;
			sourceTree = "<group>";
		};
		0818CC5B1B5E3BA800685A61 /* Extensions */ = {
			isa = PBXGroup;
			children = (
				0818CC591B5E372700685A61 /* NS(Attributed)String+Geometrics.swift */,
			);
			name = Extensions;
			sourceTree = "<group>";
		};
		0845087E1B5B75FA001AF7FA /* Controllers */ = {
			isa = PBXGroup;
			children = (
				0818CC571B5E28F600685A61 /* ReblogController.swift */,
				08BCA9C91B5A625400A23CA6 /* PostController.swift */,
				08BCA9CB1B5A638200A23CA6 /* TextPostController.swift */,
				08BCA9CD1B5A638F00A23CA6 /* ImagePostController.swift */,
				0818CC551B5CF86A00685A61 /* AudioPostController.swift */,
			);
			name = Controllers;
			sourceTree = "<group>";
		};
		0845087F1B5B7601001AF7FA /* Views */ = {
			isa = PBXGroup;
			children = (
				083FA24C1B5B5D6900D37DA7 /* PostView.swift */,
				0818CC5F1B5E405100685A61 /* NSScrollNullifierView.swift */,
				087413DF1B5BCC5500EE2FDF /* ImagePostView.swift */,
				08C31F781B5CDBE50089C13E /* TextPostView.swift */,
				08C31F7A1B5CF7150089C13E /* AudioPostView.swift */,
			);
			name = Views;
			sourceTree = "<group>";
		};
		084508801B5B7606001AF7FA /* Models */ = {
			isa = PBXGroup;
			children = (
				0845087C1B5B75E5001AF7FA /* Post.swift */,
			);
			name = Models;
			sourceTree = "<group>";
		};
		0897143A1B59F6C100DC25D7 = {
			isa = PBXGroup;
			children = (
				089714451B59F6C100DC25D7 /* Tumbleweed */,
				089714571B59F6C100DC25D7 /* TumbleweedTests */,
				089714621B59F6C100DC25D7 /* TumbleweedUITests */,
				089714441B59F6C100DC25D7 /* Products */,
				034D148030671298DE9862CD /* Pods */,
				F6C226C56CC95AD35E009FE6 /* Frameworks */,
			);
			sourceTree = "<group>";
		};
		089714441B59F6C100DC25D7 /* Products */ = {
			isa = PBXGroup;
			children = (
				089714431B59F6C100DC25D7 /* Tumbleweed.app */,
				089714541B59F6C100DC25D7 /* TumbleweedTests.xctest */,
				0897145F1B59F6C100DC25D7 /* TumbleweedUITests.xctest */,
			);
			name = Products;
			sourceTree = "<group>";
		};
		089714451B59F6C100DC25D7 /* Tumbleweed */ = {
			isa = PBXGroup;
			children = (
				089714461B59F6C100DC25D7 /* AppDelegate.swift */,
				089714481B59F6C100DC25D7 /* ViewController.swift */,
				08BCA9C71B5A5EF100A23CA6 /* DashboardDataSource.swift */,
				0818CC5B1B5E3BA800685A61 /* Extensions */,
				0845087E1B5B75FA001AF7FA /* Controllers */,
				0845087F1B5B7601001AF7FA /* Views */,
				084508801B5B7606001AF7FA /* Models */,
				0897144A1B59F6C100DC25D7 /* Assets.xcassets */,
				0897144C1B59F6C100DC25D7 /* Main.storyboard */,
				0897144F1B59F6C100DC25D7 /* Info.plist */,
			);
			path = Tumbleweed;
			sourceTree = "<group>";
		};
		089714571B59F6C100DC25D7 /* TumbleweedTests */ = {
			isa = PBXGroup;
			children = (
				089714581B59F6C100DC25D7 /* TumbleweedTests.swift */,
				0897145A1B59F6C100DC25D7 /* Info.plist */,
			);
			path = TumbleweedTests;
			sourceTree = "<group>";
		};
		089714621B59F6C100DC25D7 /* TumbleweedUITests */ = {
			isa = PBXGroup;
			children = (
				089714631B59F6C100DC25D7 /* TumbleweedUITests.swift */,
				089714651B59F6C100DC25D7 /* Info.plist */,
			);
			path = TumbleweedUITests;
			sourceTree = "<group>";
		};
		F6C226C56CC95AD35E009FE6 /* Frameworks */ = {
			isa = PBXGroup;
			children = (
				08C31F7C1B5CF7540089C13E /* WebKit.framework */,
				E402EB5CAB5BD62EBDC0A5D8 /* Pods_Tumbleweed.framework */,
			);
			name = Frameworks;
			sourceTree = "<group>";
		};
/* End PBXGroup section */

/* Begin PBXNativeTarget section */
		089714421B59F6C100DC25D7 /* Tumbleweed */ = {
			isa = PBXNativeTarget;
			buildConfigurationList = 089714681B59F6C100DC25D7 /* Build configuration list for PBXNativeTarget "Tumbleweed" */;
			buildPhases = (
				60027279E95E359AAACD08F4 /* Check Pods Manifest.lock */,
				0897143F1B59F6C100DC25D7 /* Sources */,
				089714401B59F6C100DC25D7 /* Frameworks */,
				089714411B59F6C100DC25D7 /* Resources */,
				7CC5498D5987B8FFFCBE7D47 /* Embed Pods Frameworks */,
				C5865D4D7829C5A3BD8B8DF5 /* Copy Pods Resources */,
			);
			buildRules = (
			);
			dependencies = (
			);
			name = Tumbleweed;
			productName = Tumbleweed;
			productReference = 089714431B59F6C100DC25D7 /* Tumbleweed.app */;
			productType = "com.apple.product-type.application";
		};
		089714531B59F6C100DC25D7 /* TumbleweedTests */ = {
			isa = PBXNativeTarget;
			buildConfigurationList = 0897146B1B59F6C100DC25D7 /* Build configuration list for PBXNativeTarget "TumbleweedTests" */;
			buildPhases = (
				089714501B59F6C100DC25D7 /* Sources */,
				089714511B59F6C100DC25D7 /* Frameworks */,
				089714521B59F6C100DC25D7 /* Resources */,
			);
			buildRules = (
			);
			dependencies = (
				089714561B59F6C100DC25D7 /* PBXTargetDependency */,
			);
			name = TumbleweedTests;
			productName = TumbleweedTests;
			productReference = 089714541B59F6C100DC25D7 /* TumbleweedTests.xctest */;
			productType = "com.apple.product-type.bundle.unit-test";
		};
		0897145E1B59F6C100DC25D7 /* TumbleweedUITests */ = {
			isa = PBXNativeTarget;
			buildConfigurationList = 0897146E1B59F6C100DC25D7 /* Build configuration list for PBXNativeTarget "TumbleweedUITests" */;
			buildPhases = (
				0897145B1B59F6C100DC25D7 /* Sources */,
				0897145C1B59F6C100DC25D7 /* Frameworks */,
				0897145D1B59F6C100DC25D7 /* Resources */,
			);
			buildRules = (
			);
			dependencies = (
				089714611B59F6C100DC25D7 /* PBXTargetDependency */,
			);
			name = TumbleweedUITests;
			productName = TumbleweedUITests;
			productReference = 0897145F1B59F6C100DC25D7 /* TumbleweedUITests.xctest */;
			productType = "com.apple.product-type.bundle.ui-testing";
		};
/* End PBXNativeTarget section */

/* Begin PBXProject section */
		0897143B1B59F6C100DC25D7 /* Project object */ = {
			isa = PBXProject;
			attributes = {
				LastSwiftUpdateCheck = 0700;
				LastUpgradeCheck = 0700;
				ORGANIZATIONNAME = "Chloe Stars";
				TargetAttributes = {
					089714421B59F6C100DC25D7 = {
						CreatedOnToolsVersion = 7.0;
					};
					089714531B59F6C100DC25D7 = {
						CreatedOnToolsVersion = 7.0;
						TestTargetID = 089714421B59F6C100DC25D7;
					};
					0897145E1B59F6C100DC25D7 = {
						CreatedOnToolsVersion = 7.0;
						TestTargetID = 089714421B59F6C100DC25D7;
					};
				};
			};
			buildConfigurationList = 0897143E1B59F6C100DC25D7 /* Build configuration list for PBXProject "Tumbleweed" */;
			compatibilityVersion = "Xcode 3.2";
			developmentRegion = English;
			hasScannedForEncodings = 0;
			knownRegions = (
				en,
				Base,
			);
			mainGroup = 0897143A1B59F6C100DC25D7;
			productRefGroup = 089714441B59F6C100DC25D7 /* Products */;
			projectDirPath = "";
			projectRoot = "";
			targets = (
				089714421B59F6C100DC25D7 /* Tumbleweed */,
				089714531B59F6C100DC25D7 /* TumbleweedTests */,
				0897145E1B59F6C100DC25D7 /* TumbleweedUITests */,
			);
		};
/* End PBXProject section */

/* Begin PBXResourcesBuildPhase section */
		089714411B59F6C100DC25D7 /* Resources */ = {
			isa = PBXResourcesBuildPhase;
			buildActionMask = 2147483647;
			files = (
				0897144B1B59F6C100DC25D7 /* Assets.xcassets in Resources */,
				0897144E1B59F6C100DC25D7 /* Main.storyboard in Resources */,
			);
			runOnlyForDeploymentPostprocessing = 0;
		};
		089714521B59F6C100DC25D7 /* Resources */ = {
			isa = PBXResourcesBuildPhase;
			buildActionMask = 2147483647;
			files = (
			);
			runOnlyForDeploymentPostprocessing = 0;
		};
		0897145D1B59F6C100DC25D7 /* Resources */ = {
			isa = PBXResourcesBuildPhase;
			buildActionMask = 2147483647;
			files = (
			);
			runOnlyForDeploymentPostprocessing = 0;
		};
/* End PBXResourcesBuildPhase section */

/* Begin PBXShellScriptBuildPhase section */
		60027279E95E359AAACD08F4 /* Check Pods Manifest.lock */ = {
			isa = PBXShellScriptBuildPhase;
			buildActionMask = 2147483647;
			files = (
			);
			inputPaths = (
			);
			name = "Check Pods Manifest.lock";
			outputPaths = (
			);
			runOnlyForDeploymentPostprocessing = 0;
			shellPath = /bin/sh;
			shellScript = "diff \"${PODS_ROOT}/../Podfile.lock\" \"${PODS_ROOT}/Manifest.lock\" > /dev/null\nif [[ $? != 0 ]] ; then\n    cat << EOM\nerror: The sandbox is not in sync with the Podfile.lock. Run 'pod install' or update your CocoaPods installation.\nEOM\n    exit 1\nfi\n";
			showEnvVarsInLog = 0;
		};
		7CC5498D5987B8FFFCBE7D47 /* Embed Pods Frameworks */ = {
			isa = PBXShellScriptBuildPhase;
			buildActionMask = 2147483647;
			files = (
			);
			inputPaths = (
			);
			name = "Embed Pods Frameworks";
			outputPaths = (
			);
			runOnlyForDeploymentPostprocessing = 0;
			shellPath = /bin/sh;
			shellScript = "\"${SRCROOT}/Pods/Target Support Files/Pods-Tumbleweed/Pods-Tumbleweed-frameworks.sh\"\n";
			showEnvVarsInLog = 0;
		};
		C5865D4D7829C5A3BD8B8DF5 /* Copy Pods Resources */ = {
			isa = PBXShellScriptBuildPhase;
			buildActionMask = 2147483647;
			files = (
			);
			inputPaths = (
			);
			name = "Copy Pods Resources";
			outputPaths = (
			);
			runOnlyForDeploymentPostprocessing = 0;
			shellPath = /bin/sh;
			shellScript = "\"${SRCROOT}/Pods/Target Support Files/Pods-Tumbleweed/Pods-Tumbleweed-resources.sh\"\n";
			showEnvVarsInLog = 0;
		};
/* End PBXShellScriptBuildPhase section */

/* Begin PBXSourcesBuildPhase section */
		0897143F1B59F6C100DC25D7 /* Sources */ = {
			isa = PBXSourcesBuildPhase;
			buildActionMask = 2147483647;
			files = (
				0818CC581B5E28F600685A61 /* ReblogController.swift in Sources */,
				08BCA9CC1B5A638200A23CA6 /* TextPostController.swift in Sources */,
				08BCA9C81B5A5EF100A23CA6 /* DashboardDataSource.swift in Sources */,
				0818CC601B5E405100685A61 /* NSScrollNullifierView.swift in Sources */,
				083FA24D1B5B5D6900D37DA7 /* PostView.swift in Sources */,
				089714491B59F6C100DC25D7 /* ViewController.swift in Sources */,
				0818CC561B5CF86A00685A61 /* AudioPostController.swift in Sources */,
				08C31F7B1B5CF7150089C13E /* AudioPostView.swift in Sources */,
				08BCA9CE1B5A638F00A23CA6 /* ImagePostController.swift in Sources */,
				08C31F791B5CDBE50089C13E /* TextPostView.swift in Sources */,
				08BCA9CA1B5A625400A23CA6 /* PostController.swift in Sources */,
				0818CC5A1B5E372700685A61 /* NS(Attributed)String+Geometrics.swift in Sources */,
				087413E01B5BCC5500EE2FDF /* ImagePostView.swift in Sources */,
				0845087D1B5B75E5001AF7FA /* Post.swift in Sources */,
				089714471B59F6C100DC25D7 /* AppDelegate.swift in Sources */,
			);
			runOnlyForDeploymentPostprocessing = 0;
		};
		089714501B59F6C100DC25D7 /* Sources */ = {
			isa = PBXSourcesBuildPhase;
			buildActionMask = 2147483647;
			files = (
				089714591B59F6C100DC25D7 /* TumbleweedTests.swift in Sources */,
			);
			runOnlyForDeploymentPostprocessing = 0;
		};
		0897145B1B59F6C100DC25D7 /* Sources */ = {
			isa = PBXSourcesBuildPhase;
			buildActionMask = 2147483647;
			files = (
				089714641B59F6C100DC25D7 /* TumbleweedUITests.swift in Sources */,
			);
			runOnlyForDeploymentPostprocessing = 0;
		};
/* End PBXSourcesBuildPhase section */

/* Begin PBXTargetDependency section */
		089714561B59F6C100DC25D7 /* PBXTargetDependency */ = {
			isa = PBXTargetDependency;
			target = 089714421B59F6C100DC25D7 /* Tumbleweed */;
			targetProxy = 089714551B59F6C100DC25D7 /* PBXContainerItemProxy */;
		};
		089714611B59F6C100DC25D7 /* PBXTargetDependency */ = {
			isa = PBXTargetDependency;
			target = 089714421B59F6C100DC25D7 /* Tumbleweed */;
			targetProxy = 089714601B59F6C100DC25D7 /* PBXContainerItemProxy */;
		};
/* End PBXTargetDependency section */

/* Begin PBXVariantGroup section */
		0897144C1B59F6C100DC25D7 /* Main.storyboard */ = {
			isa = PBXVariantGroup;
			children = (
				0897144D1B59F6C100DC25D7 /* Base */,
			);
			name = Main.storyboard;
			sourceTree = "<group>";
		};
/* End PBXVariantGroup section */

/* Begin XCBuildConfiguration section */
		089714661B59F6C100DC25D7 /* Debug */ = {
			isa = XCBuildConfiguration;
			buildSettings = {
				ALWAYS_SEARCH_USER_PATHS = NO;
				CLANG_CXX_LANGUAGE_STANDARD = "gnu++0x";
				CLANG_CXX_LIBRARY = "libc++";
				CLANG_ENABLE_MODULES = YES;
				CLANG_ENABLE_OBJC_ARC = YES;
				CLANG_WARN_BOOL_CONVERSION = YES;
				CLANG_WARN_CONSTANT_CONVERSION = YES;
				CLANG_WARN_DIRECT_OBJC_ISA_USAGE = YES_ERROR;
				CLANG_WARN_EMPTY_BODY = YES;
				CLANG_WARN_ENUM_CONVERSION = YES;
				CLANG_WARN_INT_CONVERSION = YES;
				CLANG_WARN_OBJC_ROOT_CLASS = YES_ERROR;
				CLANG_WARN_UNREACHABLE_CODE = YES;
				CLANG_WARN__DUPLICATE_METHOD_MATCH = YES;
				CODE_SIGN_IDENTITY = "-";
				COPY_PHASE_STRIP = NO;
				DEBUG_INFORMATION_FORMAT = dwarf;
				ENABLE_STRICT_OBJC_MSGSEND = YES;
				ENABLE_TESTABILITY = YES;
				GCC_C_LANGUAGE_STANDARD = gnu99;
				GCC_DYNAMIC_NO_PIC = NO;
				GCC_NO_COMMON_BLOCKS = YES;
				GCC_OPTIMIZATION_LEVEL = 0;
				GCC_PREPROCESSOR_DEFINITIONS = (
					"DEBUG=1",
					"$(inherited)",
				);
				GCC_WARN_64_TO_32_BIT_CONVERSION = YES;
				GCC_WARN_ABOUT_RETURN_TYPE = YES_ERROR;
				GCC_WARN_UNDECLARED_SELECTOR = YES;
				GCC_WARN_UNINITIALIZED_AUTOS = YES_AGGRESSIVE;
				GCC_WARN_UNUSED_FUNCTION = YES;
				GCC_WARN_UNUSED_VARIABLE = YES;
				MACOSX_DEPLOYMENT_TARGET = 10.11;
				MTL_ENABLE_DEBUG_INFO = YES;
				ONLY_ACTIVE_ARCH = YES;
				SDKROOT = macosx;
				SWIFT_OPTIMIZATION_LEVEL = "-Onone";
			};
			name = Debug;
		};
		089714671B59F6C100DC25D7 /* Release */ = {
			isa = XCBuildConfiguration;
			buildSettings = {
				ALWAYS_SEARCH_USER_PATHS = NO;
				CLANG_CXX_LANGUAGE_STANDARD = "gnu++0x";
				CLANG_CXX_LIBRARY = "libc++";
				CLANG_ENABLE_MODULES = YES;
				CLANG_ENABLE_OBJC_ARC = YES;
				CLANG_WARN_BOOL_CONVERSION = YES;
				CLANG_WARN_CONSTANT_CONVERSION = YES;
				CLANG_WARN_DIRECT_OBJC_ISA_USAGE = YES_ERROR;
				CLANG_WARN_EMPTY_BODY = YES;
				CLANG_WARN_ENUM_CONVERSION = YES;
				CLANG_WARN_INT_CONVERSION = YES;
				CLANG_WARN_OBJC_ROOT_CLASS = YES_ERROR;
				CLANG_WARN_UNREACHABLE_CODE = YES;
				CLANG_WARN__DUPLICATE_METHOD_MATCH = YES;
				CODE_SIGN_IDENTITY = "-";
				COPY_PHASE_STRIP = NO;
				DEBUG_INFORMATION_FORMAT = "dwarf-with-dsym";
				ENABLE_NS_ASSERTIONS = NO;
				ENABLE_STRICT_OBJC_MSGSEND = YES;
				GCC_C_LANGUAGE_STANDARD = gnu99;
				GCC_NO_COMMON_BLOCKS = YES;
				GCC_WARN_64_TO_32_BIT_CONVERSION = YES;
				GCC_WARN_ABOUT_RETURN_TYPE = YES_ERROR;
				GCC_WARN_UNDECLARED_SELECTOR = YES;
				GCC_WARN_UNINITIALIZED_AUTOS = YES_AGGRESSIVE;
				GCC_WARN_UNUSED_FUNCTION = YES;
				GCC_WARN_UNUSED_VARIABLE = YES;
				MACOSX_DEPLOYMENT_TARGET = 10.11;
				MTL_ENABLE_DEBUG_INFO = NO;
				SDKROOT = macosx;
			};
			name = Release;
		};
		089714691B59F6C100DC25D7 /* Debug */ = {
			isa = XCBuildConfiguration;
			baseConfigurationReference = D14BF02B5E30D414D4647D93 /* Pods-Tumbleweed.debug.xcconfig */;
			buildSettings = {
				ASSETCATALOG_COMPILER_APPICON_NAME = AppIcon;
				COMBINE_HIDPI_IMAGES = YES;
				INFOPLIST_FILE = Tumbleweed/Info.plist;
				LD_RUNPATH_SEARCH_PATHS = "$(inherited) @executable_path/../Frameworks";
				PRODUCT_BUNDLE_IDENTIFIER = me.chloestars.Tumbleweed;
				PRODUCT_NAME = "$(TARGET_NAME)";
			};
			name = Debug;
		};
		0897146A1B59F6C100DC25D7 /* Release */ = {
			isa = XCBuildConfiguration;
			baseConfigurationReference = 1D9AD972092C1BF1E39AF48A /* Pods-Tumbleweed.release.xcconfig */;
			buildSettings = {
				ASSETCATALOG_COMPILER_APPICON_NAME = AppIcon;
				COMBINE_HIDPI_IMAGES = YES;
				INFOPLIST_FILE = Tumbleweed/Info.plist;
				LD_RUNPATH_SEARCH_PATHS = "$(inherited) @executable_path/../Frameworks";
				PRODUCT_BUNDLE_IDENTIFIER = me.chloestars.Tumbleweed;
				PRODUCT_NAME = "$(TARGET_NAME)";
			};
			name = Release;
		};
		0897146C1B59F6C100DC25D7 /* Debug */ = {
			isa = XCBuildConfiguration;
			buildSettings = {
				BUNDLE_LOADER = "$(TEST_HOST)";
				COMBINE_HIDPI_IMAGES = YES;
				INFOPLIST_FILE = TumbleweedTests/Info.plist;
				LD_RUNPATH_SEARCH_PATHS = "$(inherited) @executable_path/../Frameworks @loader_path/../Frameworks";
				PRODUCT_BUNDLE_IDENTIFIER = me.chloestars.TumbleweedTests;
				PRODUCT_NAME = "$(TARGET_NAME)";
				TEST_HOST = "$(BUILT_PRODUCTS_DIR)/Tumbleweed.app/Contents/MacOS/Tumbleweed";
			};
			name = Debug;
		};
		0897146D1B59F6C100DC25D7 /* Release */ = {
			isa = XCBuildConfiguration;
			buildSettings = {
				BUNDLE_LOADER = "$(TEST_HOST)";
				COMBINE_HIDPI_IMAGES = YES;
				INFOPLIST_FILE = TumbleweedTests/Info.plist;
				LD_RUNPATH_SEARCH_PATHS = "$(inherited) @executable_path/../Frameworks @loader_path/../Frameworks";
				PRODUCT_BUNDLE_IDENTIFIER = me.chloestars.TumbleweedTests;
				PRODUCT_NAME = "$(TARGET_NAME)";
				TEST_HOST = "$(BUILT_PRODUCTS_DIR)/Tumbleweed.app/Contents/MacOS/Tumbleweed";
			};
			name = Release;
		};
		0897146F1B59F6C100DC25D7 /* Debug */ = {
			isa = XCBuildConfiguration;
			buildSettings = {
				COMBINE_HIDPI_IMAGES = YES;
				INFOPLIST_FILE = TumbleweedUITests/Info.plist;
				LD_RUNPATH_SEARCH_PATHS = "$(inherited) @executable_path/../Frameworks @loader_path/../Frameworks";
				PRODUCT_BUNDLE_IDENTIFIER = me.chloestars.TumbleweedUITests;
				PRODUCT_NAME = "$(TARGET_NAME)";
				TEST_TARGET_NAME = Tumbleweed;
				USES_XCTRUNNER = YES;
			};
			name = Debug;
		};
		089714701B59F6C100DC25D7 /* Release */ = {
			isa = XCBuildConfiguration;
			buildSettings = {
				COMBINE_HIDPI_IMAGES = YES;
				INFOPLIST_FILE = TumbleweedUITests/Info.plist;
				LD_RUNPATH_SEARCH_PATHS = "$(inherited) @executable_path/../Frameworks @loader_path/../Frameworks";
				PRODUCT_BUNDLE_IDENTIFIER = me.chloestars.TumbleweedUITests;
				PRODUCT_NAME = "$(TARGET_NAME)";
				TEST_TARGET_NAME = Tumbleweed;
				USES_XCTRUNNER = YES;
			};
			name = Release;
		};
/* End XCBuildConfiguration section */

/* Begin XCConfigurationList section */
		0897143E1B59F6C100DC25D7 /* Build configuration list for PBXProject "Tumbleweed" */ = {
			isa = XCConfigurationList;
			buildConfigurations = (
				089714661B59F6C100DC25D7 /* Debug */,
				089714671B59F6C100DC25D7 /* Release */,
			);
			defaultConfigurationIsVisible = 0;
			defaultConfigurationName = Release;
		};
		089714681B59F6C100DC25D7 /* Build configuration list for PBXNativeTarget "Tumbleweed" */ = {
			isa = XCConfigurationList;
			buildConfigurations = (
				089714691B59F6C100DC25D7 /* Debug */,
				0897146A1B59F6C100DC25D7 /* Release */,
			);
			defaultConfigurationIsVisible = 0;
			defaultConfigurationName = Release;
		};
		0897146B1B59F6C100DC25D7 /* Build configuration list for PBXNativeTarget "TumbleweedTests" */ = {
			isa = XCConfigurationList;
			buildConfigurations = (
				0897146C1B59F6C100DC25D7 /* Debug */,
				0897146D1B59F6C100DC25D7 /* Release */,
			);
			defaultConfigurationIsVisible = 0;
			defaultConfigurationName = Release;
		};
		0897146E1B59F6C100DC25D7 /* Build configuration list for PBXNativeTarget "TumbleweedUITests" */ = {
			isa = XCConfigurationList;
			buildConfigurations = (
				0897146F1B59F6C100DC25D7 /* Debug */,
				089714701B59F6C100DC25D7 /* Release */,
			);
			defaultConfigurationIsVisible = 0;
			defaultConfigurationName = Release;
		};
/* End XCConfigurationList section */
	};
	rootObject = 0897143B1B59F6C100DC25D7 /* Project object */;
}
